
Microsoft Visual Studio Solution File, Format Version 12.00
# Visual Studio Version 17
VisualStudioVersion = 17.9.34902.65
MinimumVisualStudioVersion = 10.0.40219.1
Project("{FAE04EC0-301F-11D3-BF4B-00C04F79EFBC}") = "Ini_File_Structure", "Ini_File_Structure\Ini_File_Structure.csproj", "{3AFE3556-AF77-4A5C-8787-7BFFC5DE7242}"
EndProject
Project("{FAE04EC0-301F-11D3-BF4B-00C04F79EFBC}") = "Ini_File_Structure_Reader_Lib", "Ini_File_Structure_Reader_Lib\Ini_File_Structure_Reader_Lib.csproj", "{FDB24D24-99DC-4B0F-A17F-6E01F51BF9A6}"
EndProject
Project("{2150E333-8FDC-42A3-9474-1A3956D46DE8}") = "Screenshot", "Screenshot", "{71ED93D1-81AA-43A3-9598-26109B1D49CC}"
	ProjectSection(SolutionItems) = preProject
		C:\Users\quock\OneDrive\Hình ảnh\Ảnh chụp màn hình\Screenshot_2024.png = C:\Users\quock\OneDrive\Hình ảnh\Ảnh chụp màn hình\Screenshot_2024.png
	EndProjectSection
EndProject
Global
	GlobalSection(SolutionConfigurationPlatforms) = preSolution
		Debug|Any CPU = Debug|Any CPU
		Release|Any CPU = Release|Any CPU
	EndGlobalSection
	GlobalSection(ProjectConfigurationPlatforms) = postSolution
		{3AFE3556-AF77-4A5C-8787-7BFFC5DE7242}.Debug|Any CPU.ActiveCfg = Debug|Any CPU
		{3AFE3556-AF77-4A5C-8787-7BFFC5DE7242}.Debug|Any CPU.Build.0 = Debug|Any CPU
		{3AFE3556-AF77-4A5C-8787-7BFFC5DE7242}.Release|Any CPU.ActiveCfg = Release|Any CPU
		{3AFE3556-AF77-4A5C-8787-7BFFC5DE7242}.Release|Any CPU.Build.0 = Release|Any CPU
		{FDB24D24-99DC-4B0F-A17F-6E01F51BF9A6}.Debug|Any CPU.ActiveCfg = Debug|Any CPU
		{FDB24D24-99DC-4B0F-A17F-6E01F51BF9A6}.Debug|Any CPU.Build.0 = Debug|Any CPU
		{FDB24D24-99DC-4B0F-A17F-6E01F51BF9A6}.Release|Any CPU.ActiveCfg = Release|Any CPU
		{FDB24D24-99DC-4B0F-A17F-6E01F51BF9A6}.Release|Any CPU.Build.0 = Release|Any CPU
	EndGlobalSection
	GlobalSection(SolutionProperties) = preSolution
		HideSolutionNode = FALSE
	EndGlobalSection
	GlobalSection(ExtensibilityGlobals) = postSolution
		SolutionGuid = {5D2B6564-4C30-4799-BC50-80841624656A}
	EndGlobalSection
EndGlobal
